
Microsoft Visual Studio Solution File, Format Version 12.00
# Visual Studio Version 17
VisualStudioVersion = 17.6.33815.320
MinimumVisualStudioVersion = 10.0.40219.1
Project("{FAE04EC0-301F-11D3-BF4B-00C04F79EFBC}") = "ex1_PartnerCase", "ex1_PartnerCase\ex1_PartnerCase.csproj", "{A2AA47EC-BABD-4060-A977-10AD6B75C57C}"
EndProject
Global
	GlobalSection(SolutionConfigurationPlatforms) = preSolution
		Debug|Any CPU = Debug|Any CPU
		Release|Any CPU = Release|Any CPU
	EndGlobalSection
	GlobalSection(ProjectConfigurationPlatforms) = postSolution
		{A2AA47EC-BABD-4060-A977-10AD6B75C57C}.Debug|Any CPU.ActiveCfg = Debug|Any CPU
		{A2AA47EC-BABD-4060-A977-10AD6B75C57C}.Debug|Any CPU.Build.0 = Debug|Any CPU
		{A2AA47EC-BABD-4060-A977-10AD6B75C57C}.Release|Any CPU.ActiveCfg = Release|Any CPU
		{A2AA47EC-BABD-4060-A977-10AD6B75C57C}.Release|Any CPU.Build.0 = Release|Any CPU
	EndGlobalSection
	GlobalSection(SolutionProperties) = preSolution
		HideSolutionNode = FALSE
	EndGlobalSection
	GlobalSection(ExtensibilityGlobals) = postSolution
		SolutionGuid = {678F1C7D-5E58-42B5-B94C-DE48962FB498}
	EndGlobalSection
EndGlobal
